{
  "name": "tw5-beauty",
  "version": "0.0.1",
  "lockfileVersion": 2,
  "requires": true,
  "packages": {
    "": {
      "name": "tw5-beauty",
      "version": "0.0.1",
      "license": "MIT",
      "dependencies": {
        "tiddlywiki": ">=5.1.20",
        "tw5-thirdflow": ">=1.2.10"
      }
    },
    "node_modules/tiddlywiki": {
      "version": "5.2.5",
      "resolved": "https://registry.npmjs.org/tiddlywiki/-/tiddlywiki-5.2.5.tgz",
      "integrity": "sha512-Xfq9NHxAwg2UvCimbtZWWqZyfUpVyq1w+tfb0vMrx3wyWK3VZD1hogJTN1a5qBNyvD9d+WmpZkCw/xN5smRzLQ==",
      "bin": {
        "tiddlywiki": "tiddlywiki.js"
      },
      "engines": {
        "node": ">=0.8.2"
      }
    },
    "node_modules/tw5-thirdflow": {
      "version": "1.2.11",
      "resolved": "https://registry.npmjs.org/tw5-thirdflow/-/tw5-thirdflow-1.2.11.tgz",
      "integrity": "sha512-BQdSuGNX2q+kiU3hAspKO3kIOSbe6B6KDHj1Zq/NYg54ZCMe0ck3Gm860BCTBxbp05ogRxHTalB61vj5Tsx2xQ==",
      "dependencies": {
        "tiddlywiki": "^5.1.20"
      },
      "engines": {
        "node": ">=4.6.0"
      }
    }
  },
  "dependencies": {
    "tiddlywiki": {
      "version": "5.2.5",
      "resolved": "https://registry.npmjs.org/tiddlywiki/-/tiddlywiki-5.2.5.tgz",
      "integrity": "sha512-Xfq9NHxAwg2UvCimbtZWWqZyfUpVyq1w+tfb0vMrx3wyWK3VZD1hogJTN1a5qBNyvD9d+WmpZkCw/xN5smRzLQ=="
    },
    "tw5-thirdflow": {
      "version": "1.2.11",
      "resolved": "https://registry.npmjs.org/tw5-thirdflow/-/tw5-thirdflow-1.2.11.tgz",
      "integrity": "sha512-BQdSuGNX2q+kiU3hAspKO3kIOSbe6B6KDHj1Zq/NYg54ZCMe0ck3Gm860BCTBxbp05ogRxHTalB61vj5Tsx2xQ==",
      "requires": {
        "tiddlywiki": "^5.1.20"
      }
    }
  }
}
